// !$*UTF8*$!
{
	archiveVersion = 1;
	classes = {
	};
	objectVersion = 50;
	objects = {

/* Begin PBXBuildFile section */
		38C096E620A0316E00922D19 /* AppDelegate.swift in Sources */ = {isa = PBXBuildFile; fileRef = 38C096E520A0316E00922D19 /* AppDelegate.swift */; };
		38C096ED20A0317000922D19 /* Assets.xcassets in Resources */ = {isa = PBXBuildFile; fileRef = 38C096EC20A0317000922D19 /* Assets.xcassets */; };
		38C096F020A0317000922D19 /* LaunchScreen.storyboard in Resources */ = {isa = PBXBuildFile; fileRef = 38C096EE20A0317000922D19 /* LaunchScreen.storyboard */; };
		38C096F820A0332800922D19 /* LoginStoryboard.storyboard in Resources */ = {isa = PBXBuildFile; fileRef = 38C096F720A0332800922D19 /* LoginStoryboard.storyboard */; };
		38C096FA20A0334A00922D19 /* BaseViewController.swift in Sources */ = {isa = PBXBuildFile; fileRef = 38C096F920A0334A00922D19 /* BaseViewController.swift */; };
		38C096FC20A0343A00922D19 /* LoginViewController.swift in Sources */ = {isa = PBXBuildFile; fileRef = 38C096FB20A0343A00922D19 /* LoginViewController.swift */; };
		38C0970020A035FE00922D19 /* BaseData.swift in Sources */ = {isa = PBXBuildFile; fileRef = 38C096FF20A035FE00922D19 /* BaseData.swift */; };
		38C0970720A03E7800922D19 /* BaseViewControllerProtocol.swift in Sources */ = {isa = PBXBuildFile; fileRef = 38C0970620A03E7800922D19 /* BaseViewControllerProtocol.swift */; };
		38C0970920A0421500922D19 /* JokesCell.swift in Sources */ = {isa = PBXBuildFile; fileRef = 38C0970820A0421500922D19 /* JokesCell.swift */; };
		38C0970B20A0436500922D19 /* GridLayout.swift in Sources */ = {isa = PBXBuildFile; fileRef = 38C0970A20A0436500922D19 /* GridLayout.swift */; };
		38C0970D20A0485D00922D19 /* JokesComponent.xib in Resources */ = {isa = PBXBuildFile; fileRef = 38C0970C20A0485D00922D19 /* JokesComponent.xib */; };
		38C0970F20A0490F00922D19 /* JokesComponent.swift in Sources */ = {isa = PBXBuildFile; fileRef = 38C0970E20A0490F00922D19 /* JokesComponent.swift */; };
		38C0971220A0494100922D19 /* JokesCell.xib in Resources */ = {isa = PBXBuildFile; fileRef = 38C0971120A0494100922D19 /* JokesCell.xib */; };
		8DFC9E4B964936ED816B255F /* Pods_RandomUserJokes.framework in Frameworks */ = {isa = PBXBuildFile; fileRef = 95244FE3F7522AB219D63248 /* Pods_RandomUserJokes.framework */; };
/* End PBXBuildFile section */

/* Begin PBXFileReference section */
		382ADCB90C69EF1AA87B3908 /* Pods-RandomUserJokes.debug.xcconfig */ = {isa = PBXFileReference; includeInIndex = 1; lastKnownFileType = text.xcconfig; name = "Pods-RandomUserJokes.debug.xcconfig"; path = "Pods/Target Support Files/Pods-RandomUserJokes/Pods-RandomUserJokes.debug.xcconfig"; sourceTree = "<group>"; };
		38C096E220A0316E00922D19 /* RandomUserJokes.app */ = {isa = PBXFileReference; explicitFileType = wrapper.application; includeInIndex = 0; path = RandomUserJokes.app; sourceTree = BUILT_PRODUCTS_DIR; };
		38C096E520A0316E00922D19 /* AppDelegate.swift */ = {isa = PBXFileReference; lastKnownFileType = sourcecode.swift; path = AppDelegate.swift; sourceTree = "<group>"; };
		38C096EC20A0317000922D19 /* Assets.xcassets */ = {isa = PBXFileReference; lastKnownFileType = folder.assetcatalog; path = Assets.xcassets; sourceTree = "<group>"; };
		38C096EF20A0317000922D19 /* Base */ = {isa = PBXFileReference; lastKnownFileType = file.storyboard; name = Base; path = Base.lproj/LaunchScreen.storyboard; sourceTree = "<group>"; };
		38C096F120A0317000922D19 /* Info.plist */ = {isa = PBXFileReference; lastKnownFileType = text.plist.xml; path = Info.plist; sourceTree = "<group>"; };
		38C096F720A0332800922D19 /* LoginStoryboard.storyboard */ = {isa = PBXFileReference; lastKnownFileType = file.storyboard; path = LoginStoryboard.storyboard; sourceTree = "<group>"; };
		38C096F920A0334A00922D19 /* BaseViewController.swift */ = {isa = PBXFileReference; lastKnownFileType = sourcecode.swift; path = BaseViewController.swift; sourceTree = "<group>"; };
		38C096FB20A0343A00922D19 /* LoginViewController.swift */ = {isa = PBXFileReference; lastKnownFileType = sourcecode.swift; path = LoginViewController.swift; sourceTree = "<group>"; };
		38C096FF20A035FE00922D19 /* BaseData.swift */ = {isa = PBXFileReference; lastKnownFileType = sourcecode.swift; path = BaseData.swift; sourceTree = "<group>"; };
		38C0970620A03E7800922D19 /* BaseViewControllerProtocol.swift */ = {isa = PBXFileReference; lastKnownFileType = sourcecode.swift; path = BaseViewControllerProtocol.swift; sourceTree = "<group>"; };
		38C0970820A0421500922D19 /* JokesCell.swift */ = {isa = PBXFileReference; lastKnownFileType = sourcecode.swift; path = JokesCell.swift; sourceTree = "<group>"; };
		38C0970A20A0436500922D19 /* GridLayout.swift */ = {isa = PBXFileReference; lastKnownFileType = sourcecode.swift; path = GridLayout.swift; sourceTree = "<group>"; };
		38C0970C20A0485D00922D19 /* JokesComponent.xib */ = {isa = PBXFileReference; lastKnownFileType = file.xib; path = JokesComponent.xib; sourceTree = "<group>"; };
		38C0970E20A0490F00922D19 /* JokesComponent.swift */ = {isa = PBXFileReference; lastKnownFileType = sourcecode.swift; path = JokesComponent.swift; sourceTree = "<group>"; };
		38C0971120A0494100922D19 /* JokesCell.xib */ = {isa = PBXFileReference; lastKnownFileType = file.xib; path = JokesCell.xib; sourceTree = "<group>"; };
		95244FE3F7522AB219D63248 /* Pods_RandomUserJokes.framework */ = {isa = PBXFileReference; explicitFileType = wrapper.framework; includeInIndex = 0; path = Pods_RandomUserJokes.framework; sourceTree = BUILT_PRODUCTS_DIR; };
		AC9B1CF97B03E0500DA83E5A /* Pods-RandomUserJokes.release.xcconfig */ = {isa = PBXFileReference; includeInIndex = 1; lastKnownFileType = text.xcconfig; name = "Pods-RandomUserJokes.release.xcconfig"; path = "Pods/Target Support Files/Pods-RandomUserJokes/Pods-RandomUserJokes.release.xcconfig"; sourceTree = "<group>"; };
/* End PBXFileReference section */

/* Begin PBXFrameworksBuildPhase section */
		38C096DF20A0316E00922D19 /* Frameworks */ = {
			isa = PBXFrameworksBuildPhase;
			buildActionMask = 2147483647;
			files = (
				8DFC9E4B964936ED816B255F /* Pods_RandomUserJokes.framework in Frameworks */,
			);
			runOnlyForDeploymentPostprocessing = 0;
		};
/* End PBXFrameworksBuildPhase section */

/* Begin PBXGroup section */
		38C096D920A0316E00922D19 = {
			isa = PBXGroup;
			children = (
				38C096E420A0316E00922D19 /* RandomUserJokes */,
				38C096E320A0316E00922D19 /* Products */,
				7595C0BE09F460BD1EB71CC2 /* Pods */,
				62DEC749C6558E8E1121FA60 /* Frameworks */,
			);
			sourceTree = "<group>";
		};
		38C096E320A0316E00922D19 /* Products */ = {
			isa = PBXGroup;
			children = (
				38C096E220A0316E00922D19 /* RandomUserJokes.app */,
			);
			name = Products;
			sourceTree = "<group>";
		};
		38C096E420A0316E00922D19 /* RandomUserJokes */ = {
			isa = PBXGroup;
			children = (
				38C096E520A0316E00922D19 /* AppDelegate.swift */,
				38C096FE20A035F200922D19 /* base */,
				38C096FD20A035EA00922D19 /* login */,
				38C096EE20A0317000922D19 /* LaunchScreen.storyboard */,
				38C096EC20A0317000922D19 /* Assets.xcassets */,
				38C096F120A0317000922D19 /* Info.plist */,
			);
			path = RandomUserJokes;
			sourceTree = "<group>";
		};
		38C096FD20A035EA00922D19 /* login */ = {
			isa = PBXGroup;
			children = (
				38C096F720A0332800922D19 /* LoginStoryboard.storyboard */,
				38C096FB20A0343A00922D19 /* LoginViewController.swift */,
			);
			path = login;
			sourceTree = "<group>";
		};
		38C096FE20A035F200922D19 /* base */ = {
			isa = PBXGroup;
			children = (
				38C096F920A0334A00922D19 /* BaseViewController.swift */,
				38C0970620A03E7800922D19 /* BaseViewControllerProtocol.swift */,
				38C096FF20A035FE00922D19 /* BaseData.swift */,
				38C0971020A0492E00922D19 /* component */,
			);
			path = base;
			sourceTree = "<group>";
		};
		38C0971020A0492E00922D19 /* component */ = {
			isa = PBXGroup;
			children = (
				38C0970C20A0485D00922D19 /* JokesComponent.xib */,
				38C0970E20A0490F00922D19 /* JokesComponent.swift */,
				38C0971120A0494100922D19 /* JokesCell.xib */,
				38C0970820A0421500922D19 /* JokesCell.swift */,
				38C0970A20A0436500922D19 /* GridLayout.swift */,
			);
			path = component;
			sourceTree = "<group>";
		};
		62DEC749C6558E8E1121FA60 /* Frameworks */ = {
			isa = PBXGroup;
			children = (
				95244FE3F7522AB219D63248 /* Pods_RandomUserJokes.framework */,
			);
			name = Frameworks;
			sourceTree = "<group>";
		};
		7595C0BE09F460BD1EB71CC2 /* Pods */ = {
			isa = PBXGroup;
			children = (
				382ADCB90C69EF1AA87B3908 /* Pods-RandomUserJokes.debug.xcconfig */,
				AC9B1CF97B03E0500DA83E5A /* Pods-RandomUserJokes.release.xcconfig */,
			);
			name = Pods;
			sourceTree = "<group>";
		};
/* End PBXGroup section */

/* Begin PBXNativeTarget section */
		38C096E120A0316E00922D19 /* RandomUserJokes */ = {
			isa = PBXNativeTarget;
			buildConfigurationList = 38C096F420A0317000922D19 /* Build configuration list for PBXNativeTarget "RandomUserJokes" */;
			buildPhases = (
				EAD7E43FFAC292F802B27D6B /* [CP] Check Pods Manifest.lock */,
				38C096DE20A0316E00922D19 /* Sources */,
				38C096DF20A0316E00922D19 /* Frameworks */,
				38C096E020A0316E00922D19 /* Resources */,
				7B9850576D919B1E15C29239 /* [CP] Embed Pods Frameworks */,
				EE84CD1678000AB524CFC901 /* [CP] Copy Pods Resources */,
			);
			buildRules = (
			);
			dependencies = (
			);
			name = RandomUserJokes;
			productName = RandomUserJokes;
			productReference = 38C096E220A0316E00922D19 /* RandomUserJokes.app */;
			productType = "com.apple.product-type.application";
		};
/* End PBXNativeTarget section */

/* Begin PBXProject section */
		38C096DA20A0316E00922D19 /* Project object */ = {
			isa = PBXProject;
			attributes = {
				LastSwiftUpdateCheck = 0930;
				LastUpgradeCheck = 0930;
				ORGANIZATIONNAME = "Lazar Andonov";
				TargetAttributes = {
					38C096E120A0316E00922D19 = {
						CreatedOnToolsVersion = 9.3;
					};
				};
			};
			buildConfigurationList = 38C096DD20A0316E00922D19 /* Build configuration list for PBXProject "RandomUserJokes" */;
			compatibilityVersion = "Xcode 9.3";
			developmentRegion = en;
			hasScannedForEncodings = 0;
			knownRegions = (
				en,
				Base,
			);
			mainGroup = 38C096D920A0316E00922D19;
			productRefGroup = 38C096E320A0316E00922D19 /* Products */;
			projectDirPath = "";
			projectRoot = "";
			targets = (
				38C096E120A0316E00922D19 /* RandomUserJokes */,
			);
		};
/* End PBXProject section */

/* Begin PBXResourcesBuildPhase section */
		38C096E020A0316E00922D19 /* Resources */ = {
			isa = PBXResourcesBuildPhase;
			buildActionMask = 2147483647;
			files = (
				38C096F820A0332800922D19 /* LoginStoryboard.storyboard in Resources */,
				38C0970D20A0485D00922D19 /* JokesComponent.xib in Resources */,
				38C0971220A0494100922D19 /* JokesCell.xib in Resources */,
				38C096F020A0317000922D19 /* LaunchScreen.storyboard in Resources */,
				38C096ED20A0317000922D19 /* Assets.xcassets in Resources */,
			);
			runOnlyForDeploymentPostprocessing = 0;
		};
/* End PBXResourcesBuildPhase section */

/* Begin PBXShellScriptBuildPhase section */
		7B9850576D919B1E15C29239 /* [CP] Embed Pods Frameworks */ = {
			isa = PBXShellScriptBuildPhase;
			buildActionMask = 2147483647;
			files = (
			);
			inputPaths = (
				"${SRCROOT}/Pods/Target Support Files/Pods-RandomUserJokes/Pods-RandomUserJokes-frameworks.sh",
				"${BUILT_PRODUCTS_DIR}/Alamofire/Alamofire.framework",
				"${BUILT_PRODUCTS_DIR}/SwiftyJSON/SwiftyJSON.framework",
			);
			name = "[CP] Embed Pods Frameworks";
			outputPaths = (
				"${TARGET_BUILD_DIR}/${FRAMEWORKS_FOLDER_PATH}/Alamofire.framework",
				"${TARGET_BUILD_DIR}/${FRAMEWORKS_FOLDER_PATH}/SwiftyJSON.framework",
			);
			runOnlyForDeploymentPostprocessing = 0;
			shellPath = /bin/sh;
			shellScript = "\"${SRCROOT}/Pods/Target Support Files/Pods-RandomUserJokes/Pods-RandomUserJokes-frameworks.sh\"\n";
			showEnvVarsInLog = 0;
		};
		EAD7E43FFAC292F802B27D6B /* [CP] Check Pods Manifest.lock */ = {
			isa = PBXShellScriptBuildPhase;
			buildActionMask = 2147483647;
			files = (
			);
			inputPaths = (
				"${PODS_PODFILE_DIR_PATH}/Podfile.lock",
				"${PODS_ROOT}/Manifest.lock",
			);
			name = "[CP] Check Pods Manifest.lock";
			outputPaths = (
				"$(DERIVED_FILE_DIR)/Pods-RandomUserJokes-checkManifestLockResult.txt",
			);
			runOnlyForDeploymentPostprocessing = 0;
			shellPath = /bin/sh;
			shellScript = "diff \"${PODS_PODFILE_DIR_PATH}/Podfile.lock\" \"${PODS_ROOT}/Manifest.lock\" > /dev/null\nif [ $? != 0 ] ; then\n    # print error to STDERR\n    echo \"error: The sandbox is not in sync with the Podfile.lock. Run 'pod install' or update your CocoaPods installation.\" >&2\n    exit 1\nfi\n# This output is used by Xcode 'outputs' to avoid re-running this script phase.\necho \"SUCCESS\" > \"${SCRIPT_OUTPUT_FILE_0}\"\n";
			showEnvVarsInLog = 0;
		};
		EE84CD1678000AB524CFC901 /* [CP] Copy Pods Resources */ = {
			isa = PBXShellScriptBuildPhase;
			buildActionMask = 2147483647;
			files = (
			);
			inputPaths = (
			);
			name = "[CP] Copy Pods Resources";
			outputPaths = (
			);
			runOnlyForDeploymentPostprocessing = 0;
			shellPath = /bin/sh;
			shellScript = "\"${SRCROOT}/Pods/Target Support Files/Pods-RandomUserJokes/Pods-RandomUserJokes-resources.sh\"\n";
			showEnvVarsInLog = 0;
		};
/* End PBXShellScriptBuildPhase section */

/* Begin PBXSourcesBuildPhase section */
		38C096DE20A0316E00922D19 /* Sources */ = {
			isa = PBXSourcesBuildPhase;
			buildActionMask = 2147483647;
			files = (
				38C0970920A0421500922D19 /* JokesCell.swift in Sources */,
				38C0970F20A0490F00922D19 /* JokesComponent.swift in Sources */,
				38C096FC20A0343A00922D19 /* LoginViewController.swift in Sources */,
				38C096E620A0316E00922D19 /* AppDelegate.swift in Sources */,
				38C0970020A035FE00922D19 /* BaseData.swift in Sources */,
				38C0970720A03E7800922D19 /* BaseViewControllerProtocol.swift in Sources */,
				38C096FA20A0334A00922D19 /* BaseViewController.swift in Sources */,
				38C0970B20A0436500922D19 /* GridLayout.swift in Sources */,
			);
			runOnlyForDeploymentPostprocessing = 0;
		};
/* End PBXSourcesBuildPhase section */

/* Begin PBXVariantGroup section */
		38C096EE20A0317000922D19 /* LaunchScreen.storyboard */ = {
			isa = PBXVariantGroup;
			children = (
				38C096EF20A0317000922D19 /* Base */,
			);
			name = LaunchScreen.storyboard;
			sourceTree = "<group>";
		};
/* End PBXVariantGroup section */

/* Begin XCBuildConfiguration section */
		38C096F220A0317000922D19 /* Debug */ = {
			isa = XCBuildConfiguration;
			buildSettings = {
				ALWAYS_SEARCH_USER_PATHS = NO;
				CLANG_ANALYZER_NONNULL = YES;
				CLANG_ANALYZER_NUMBER_OBJECT_CONVERSION = YES_AGGRESSIVE;
				CLANG_CXX_LANGUAGE_STANDARD = "gnu++14";
				CLANG_CXX_LIBRARY = "libc++";
				CLANG_ENABLE_MODULES = YES;
				CLANG_ENABLE_OBJC_ARC = YES;
				CLANG_ENABLE_OBJC_WEAK = YES;
				CLANG_WARN_BLOCK_CAPTURE_AUTORELEASING = YES;
				CLANG_WARN_BOOL_CONVERSION = YES;
				CLANG_WARN_COMMA = YES;
				CLANG_WARN_CONSTANT_CONVERSION = YES;
				CLANG_WARN_DEPRECATED_OBJC_IMPLEMENTATIONS = YES;
				CLANG_WARN_DIRECT_OBJC_ISA_USAGE = YES_ERROR;
				CLANG_WARN_DOCUMENTATION_COMMENTS = YES;
				CLANG_WARN_EMPTY_BODY = YES;
				CLANG_WARN_ENUM_CONVERSION = YES;
				CLANG_WARN_INFINITE_RECURSION = YES;
				CLANG_WARN_INT_CONVERSION = YES;
				CLANG_WARN_NON_LITERAL_NULL_CONVERSION = YES;
				CLANG_WARN_OBJC_IMPLICIT_RETAIN_SELF = YES;
				CLANG_WARN_OBJC_LITERAL_CONVERSION = YES;
				CLANG_WARN_OBJC_ROOT_CLASS = YES_ERROR;
				CLANG_WARN_RANGE_LOOP_ANALYSIS = YES;
				CLANG_WARN_STRICT_PROTOTYPES = YES;
				CLANG_WARN_SUSPICIOUS_MOVE = YES;
				CLANG_WARN_UNGUARDED_AVAILABILITY = YES_AGGRESSIVE;
				CLANG_WARN_UNREACHABLE_CODE = YES;
				CLANG_WARN__DUPLICATE_METHOD_MATCH = YES;
				CODE_SIGN_IDENTITY = "iPhone Developer";
				COPY_PHASE_STRIP = NO;
				DEBUG_INFORMATION_FORMAT = dwarf;
				ENABLE_STRICT_OBJC_MSGSEND = YES;
				ENABLE_TESTABILITY = YES;
				GCC_C_LANGUAGE_STANDARD = gnu11;
				GCC_DYNAMIC_NO_PIC = NO;
				GCC_NO_COMMON_BLOCKS = YES;
				GCC_OPTIMIZATION_LEVEL = 0;
				GCC_PREPROCESSOR_DEFINITIONS = (
					"DEBUG=1",
					"$(inherited)",
				);
				GCC_WARN_64_TO_32_BIT_CONVERSION = YES;
				GCC_WARN_ABOUT_RETURN_TYPE = YES_ERROR;
				GCC_WARN_UNDECLARED_SELECTOR = YES;
				GCC_WARN_UNINITIALIZED_AUTOS = YES_AGGRESSIVE;
				GCC_WARN_UNUSED_FUNCTION = YES;
				GCC_WARN_UNUSED_VARIABLE = YES;
				IPHONEOS_DEPLOYMENT_TARGET = 11.3;
				MTL_ENABLE_DEBUG_INFO = YES;
				ONLY_ACTIVE_ARCH = YES;
				SDKROOT = iphoneos;
				SWIFT_ACTIVE_COMPILATION_CONDITIONS = DEBUG;
				SWIFT_OPTIMIZATION_LEVEL = "-Onone";
			};
			name = Debug;
		};
		38C096F320A0317000922D19 /* Release */ = {
			isa = XCBuildConfiguration;
			buildSettings = {
				ALWAYS_SEARCH_USER_PATHS = NO;
				CLANG_ANALYZER_NONNULL = YES;
				CLANG_ANALYZER_NUMBER_OBJECT_CONVERSION = YES_AGGRESSIVE;
				CLANG_CXX_LANGUAGE_STANDARD = "gnu++14";
				CLANG_CXX_LIBRARY = "libc++";
				CLANG_ENABLE_MODULES = YES;
				CLANG_ENABLE_OBJC_ARC = YES;
				CLANG_ENABLE_OBJC_WEAK = YES;
				CLANG_WARN_BLOCK_CAPTURE_AUTORELEASING = YES;
				CLANG_WARN_BOOL_CONVERSION = YES;
				CLANG_WARN_COMMA = YES;
				CLANG_WARN_CONSTANT_CONVERSION = YES;
				CLANG_WARN_DEPRECATED_OBJC_IMPLEMENTATIONS = YES;
				CLANG_WARN_DIRECT_OBJC_ISA_USAGE = YES_ERROR;
				CLANG_WARN_DOCUMENTATION_COMMENTS = YES;
				CLANG_WARN_EMPTY_BODY = YES;
				CLANG_WARN_ENUM_CONVERSION = YES;
				CLANG_WARN_INFINITE_RECURSION = YES;
				CLANG_WARN_INT_CONVERSION = YES;
				CLANG_WARN_NON_LITERAL_NULL_CONVERSION = YES;
				CLANG_WARN_OBJC_IMPLICIT_RETAIN_SELF = YES;
				CLANG_WARN_OBJC_LITERAL_CONVERSION = YES;
				CLANG_WARN_OBJC_ROOT_CLASS = YES_ERROR;
				CLANG_WARN_RANGE_LOOP_ANALYSIS = YES;
				CLANG_WARN_STRICT_PROTOTYPES = YES;
				CLANG_WARN_SUSPICIOUS_MOVE = YES;
				CLANG_WARN_UNGUARDED_AVAILABILITY = YES_AGGRESSIVE;
				CLANG_WARN_UNREACHABLE_CODE = YES;
				CLANG_WARN__DUPLICATE_METHOD_MATCH = YES;
				CODE_SIGN_IDENTITY = "iPhone Developer";
				COPY_PHASE_STRIP = NO;
				DEBUG_INFORMATION_FORMAT = "dwarf-with-dsym";
				ENABLE_NS_ASSERTIONS = NO;
				ENABLE_STRICT_OBJC_MSGSEND = YES;
				GCC_C_LANGUAGE_STANDARD = gnu11;
				GCC_NO_COMMON_BLOCKS = YES;
				GCC_WARN_64_TO_32_BIT_CONVERSION = YES;
				GCC_WARN_ABOUT_RETURN_TYPE = YES_ERROR;
				GCC_WARN_UNDECLARED_SELECTOR = YES;
				GCC_WARN_UNINITIALIZED_AUTOS = YES_AGGRESSIVE;
				GCC_WARN_UNUSED_FUNCTION = YES;
				GCC_WARN_UNUSED_VARIABLE = YES;
				IPHONEOS_DEPLOYMENT_TARGET = 11.3;
				MTL_ENABLE_DEBUG_INFO = NO;
				SDKROOT = iphoneos;
				SWIFT_COMPILATION_MODE = wholemodule;
				SWIFT_OPTIMIZATION_LEVEL = "-O";
				VALIDATE_PRODUCT = YES;
			};
			name = Release;
		};
		38C096F520A0317000922D19 /* Debug */ = {
			isa = XCBuildConfiguration;
			baseConfigurationReference = 382ADCB90C69EF1AA87B3908 /* Pods-RandomUserJokes.debug.xcconfig */;
			buildSettings = {
				ASSETCATALOG_COMPILER_APPICON_NAME = AppIcon;
				CODE_SIGN_STYLE = Automatic;
				INFOPLIST_FILE = RandomUserJokes/Info.plist;
				LD_RUNPATH_SEARCH_PATHS = (
					"$(inherited)",
					"@executable_path/Frameworks",
				);
				PRODUCT_BUNDLE_IDENTIFIER = lakistr8.RandomUserJokes;
				PRODUCT_NAME = "$(TARGET_NAME)";
				SWIFT_VERSION = 4.0;
				TARGETED_DEVICE_FAMILY = "1,2";
			};
			name = Debug;
		};
		38C096F620A0317000922D19 /* Release */ = {
			isa = XCBuildConfiguration;
			baseConfigurationReference = AC9B1CF97B03E0500DA83E5A /* Pods-RandomUserJokes.release.xcconfig */;
			buildSettings = {
				ASSETCATALOG_COMPILER_APPICON_NAME = AppIcon;
				CODE_SIGN_STYLE = Automatic;
				INFOPLIST_FILE = RandomUserJokes/Info.plist;
				LD_RUNPATH_SEARCH_PATHS = (
					"$(inherited)",
					"@executable_path/Frameworks",
				);
				PRODUCT_BUNDLE_IDENTIFIER = lakistr8.RandomUserJokes;
				PRODUCT_NAME = "$(TARGET_NAME)";
				SWIFT_VERSION = 4.0;
				TARGETED_DEVICE_FAMILY = "1,2";
			};
			name = Release;
		};
/* End XCBuildConfiguration section */

/* Begin XCConfigurationList section */
		38C096DD20A0316E00922D19 /* Build configuration list for PBXProject "RandomUserJokes" */ = {
			isa = XCConfigurationList;
			buildConfigurations = (
				38C096F220A0317000922D19 /* Debug */,
				38C096F320A0317000922D19 /* Release */,
			);
			defaultConfigurationIsVisible = 0;
			defaultConfigurationName = Release;
		};
		38C096F420A0317000922D19 /* Build configuration list for PBXNativeTarget "RandomUserJokes" */ = {
			isa = XCConfigurationList;
			buildConfigurations = (
				38C096F520A0317000922D19 /* Debug */,
				38C096F620A0317000922D19 /* Release */,
			);
			defaultConfigurationIsVisible = 0;
			defaultConfigurationName = Release;
		};
/* End XCConfigurationList section */
	};
	rootObject = 38C096DA20A0316E00922D19 /* Project object */;
}
